<?xml version="1.0" encoding="utf-8"?>
<Project ToolsVersion="4.0" xmlns="http://schemas.microsoft.com/developer/msbuild/2003">
  <ItemGroup>
    <Filter Include="Source Files">
      <UniqueIdentifier>{4FC737F1-C7A5-4376-A066-2A32D752A2FF}</UniqueIdentifier>
      <Extensions>cpp;c;cc;cxx;def;odl;idl;hpj;bat;asm;asmx</Extensions>
    </Filter>
    <Filter Include="Header Files">
      <UniqueIdentifier>{93995380-89BD-4b04-88EB-625FBE52EBFB}</UniqueIdentifier>
      <Extensions>h;hh;hpp;hxx;hm;inl;inc;xsd</Extensions>
    </Filter>
    <Filter Include="Resource Files">
      <UniqueIdentifier>{67DA6AB6-F800-4c08-8B7A-83BB121AAD01}</UniqueIdentifier>
      <Extensions>rc;ico;cur;bmp;dlg;rc2;rct;bin;rgs;gif;jpg;jpeg;jpe;resx;tiff;tif;png;wav;mfcribbon-ms</Extensions>
    </Filter>
    <Filter Include="Source Files\System">
      <UniqueIdentifier>{d2654a63-b5f6-4c73-bdc3-d7533440dc9d}</UniqueIdentifier>
    </Filter>
    <Filter Include="Header Files\System">
      <UniqueIdentifier>{2711311e-2c29-4951-ba44-ff8fc8da57ac}</UniqueIdentifier>
    </Filter>
    <Filter Include="Header Files\Application">
      <UniqueIdentifier>{2471f732-0bfa-41d8-a64e-1db57dfbd046}</UniqueIdentifier>
    </Filter>
    <Filter Include="Source Files\Application">
      <UniqueIdentifier>{95ae37b1-d1ca-4257-831d-c4a28c32cabd}</UniqueIdentifier>
    </Filter>
    <Filter Include="Header Files\Global">
      <UniqueIdentifier>{a788b2ac-3b15-4bf9-a35c-294584f69acd}</UniqueIdentifier>
    </Filter>
    <Filter Include="Source Files\Global">
      <UniqueIdentifier>{d6ac7a52-3fa0-424f-bb82-30e64c50f620}</UniqueIdentifier>
    </Filter>
    <Filter Include="Source Files\3rd Party">
      <UniqueIdentifier>{392685c0-9404-43f2-9341-150078653959}</UniqueIdentifier>
    </Filter>
    <Filter Include="Header Files\3rd Party">
      <UniqueIdentifier>{ded19553-09b8-428c-a081-b159d823421e}</UniqueIdentifier>
    </Filter>
    <Filter Include="Header Files\Utils">
      <UniqueIdentifier>{2fc29334-5499-4ac3-8779-da86529e161a}</UniqueIdentifier>
    </Filter>
    <Filter Include="Header Files\Render">
      <UniqueIdentifier>{1bea5f16-952d-4691-a4c3-6494e83e6864}</UniqueIdentifier>
    </Filter>
    <Filter Include="Source Files\Render">
      <UniqueIdentifier>{6e953979-113a-4e09-a79c-cdf94e2908c6}</UniqueIdentifier>
    </Filter>
    <Filter Include="Header Files\Render\Shaders">
      <UniqueIdentifier>{2407ebb1-edac-4638-9e44-aeff5768f4c0}</UniqueIdentifier>
    </Filter>
  </ItemGroup>
  <ItemGroup>
    <ClCompile Include="CoreSystems\Window.cpp">
      <Filter>Source Files\System</Filter>
    </ClCompile>
    <ClCompile Include="CoreSystems\Core.cpp">
      <Filter>Source Files\System</Filter>
    </ClCompile>
    <ClCompile Include="Application\VoxelApp.cpp">
      <Filter>Source Files\Application</Filter>
    </ClCompile>
    <ClCompile Include="Global\TimerQPC.cpp">
      <Filter>Source Files\Global</Filter>
    </ClCompile>
    <ClCompile Include="CoreSystems\DXDriver.cpp">
      <Filter>Source Files\System</Filter>
    </ClCompile>
    <ClCompile Include="Global\XMCamera.cpp">
      <Filter>Source Files\Global</Filter>
    </ClCompile>
    <ClCompile Include="include\WICTextureLoader.cpp">
      <Filter>Source Files\3rd Party</Filter>
    </ClCompile>
    <ClCompile Include="Render\Shader.cpp">
      <Filter>Source Files\Render</Filter>
    </ClCompile>
    <ClCompile Include="Render\Render_Create.cpp">
      <Filter>Source Files\Render</Filter>
    </ClCompile>
    <ClCompile Include="Application\SVO_Loader.cpp">
      <Filter>Source Files</Filter>
    </ClCompile>
    <ClCompile Include="Render\Buffer.cpp">
      <Filter>Source Files\Render</Filter>
    </ClCompile>
    <ClCompile Include="Application\DebugRenderer.cpp">
      <Filter>Source Files\Application</Filter>
    </ClCompile>
    <ClCompile Include="Source.cpp">
      <Filter>Source Files\Application</Filter>
    </ClCompile>
    <ClCompile Include="Render\Rasterizer.cpp">
      <Filter>Source Files\Render</Filter>
    </ClCompile>
    <ClCompile Include="Render\RayTracer.cpp">
      <Filter>Source Files\Render</Filter>
    </ClCompile>
    <ClCompile Include="Render\Culling.cpp">
      <Filter>Source Files\Render</Filter>
    </ClCompile>
    <ClCompile Include="Render\RayCaster.cpp">
      <Filter>Source Files\Render</Filter>
    </ClCompile>
    <ClCompile Include="Render\RenderTarget.cpp">
      <Filter>Source Files</Filter>
    </ClCompile>
    <ClCompile Include="Render\BackBufferRender.cpp">
      <Filter>Source Files</Filter>
    </ClCompile>
    <ClCompile Include="Application\PerfTracker.cpp">
      <Filter>Source Files</Filter>
    </ClCompile>
    <ClCompile Include="RaycastEmulate.cpp">
      <Filter>Source Files</Filter>
    </ClCompile>
  </ItemGroup>
  <ItemGroup>
    <ClInclude Include="CoreSystems\Core.h">
      <Filter>Header Files\System</Filter>
    </ClInclude>
    <ClInclude Include="CoreSystems\CoreStd.h">
      <Filter>Header Files\System</Filter>
    </ClInclude>
    <ClInclude Include="CoreSystems\IApplication.h">
      <Filter>Header Files\System</Filter>
    </ClInclude>
    <ClInclude Include="CoreSystems\Window.h">
      <Filter>Header Files\System</Filter>
    </ClInclude>
    <ClInclude Include="Application\VoxelApp.h">
      <Filter>Header Files\Application</Filter>
    </ClInclude>
    <ClInclude Include="CoreSystems\IInput.h">
      <Filter>Header Files\System</Filter>
    </ClInclude>
    <ClInclude Include="CoreSystems\ITimer.h">
      <Filter>Header Files\System</Filter>
    </ClInclude>
    <ClInclude Include="Global\SimpleInput.h">
      <Filter>Header Files\Global</Filter>
    </ClInclude>
    <ClInclude Include="Global\TimerQPC.h">
      <Filter>Header Files\Global</Filter>
    </ClInclude>
    <ClInclude Include="CoreSystems\DXDriver.h">
      <Filter>Header Files\System</Filter>
    </ClInclude>
    <ClInclude Include="CoreSystems\DXDescs.h">
      <Filter>Header Files\System</Filter>
    </ClInclude>
    <ClInclude Include="Global\XMCamera.h">
      <Filter>Header Files\Global</Filter>
    </ClInclude>
    <ClInclude Include="include\WICTextureLoader.h">
      <Filter>Header Files\3rd Party</Filter>
    </ClInclude>
    <ClInclude Include="Utils\Vector_Util.h">
      <Filter>Header Files\Utils</Filter>
    </ClInclude>
    <ClInclude Include="Render\Shader.h">
      <Filter>Header Files\Render</Filter>
    </ClInclude>
    <ClInclude Include="Render\Renderer.h">
      <Filter>Header Files\Render</Filter>
    </ClInclude>
    <ClInclude Include="Render\Render_Create.h">
      <Filter>Header Files\Render</Filter>
    </ClInclude>
    <ClInclude Include="Render\Buffer.h">
      <Filter>Header Files\Render</Filter>
    </ClInclude>
    <ClInclude Include="Utils\Math_Util.h">
      <Filter>Header Files\Utils</Filter>
    </ClInclude>
    <ClInclude Include="Application\SVO.h">
      <Filter>Header Files\Application</Filter>
    </ClInclude>
    <ClInclude Include="Application\MarchingCubes.h">
      <Filter>Header Files\Application</Filter>
    </ClInclude>
    <ClInclude Include="Render\RayTracer.h">
      <Filter>Header Files\Render</Filter>
    </ClInclude>
    <ClInclude Include="Render\Rasterizer.h">
      <Filter>Header Files\Render</Filter>
    </ClInclude>
    <ClInclude Include="Render\D3DBufferUtility.h">
      <Filter>Header Files\Render</Filter>
    </ClInclude>
    <ClInclude Include="Application\DebugRenderer.h">
      <Filter>Header Files\Application</Filter>
    </ClInclude>
    <ClInclude Include="Application\ModelLoader.h">
      <Filter>Header Files\Application</Filter>
    </ClInclude>
    <ClInclude Include="Application\Node.h">
      <Filter>Header Files\Application</Filter>
    </ClInclude>
    <ClInclude Include="Application\SVO_IO.h">
      <Filter>Header Files\Application</Filter>
    </ClInclude>
    <ClInclude Include="Application\SVO_Loader.h">
      <Filter>Header Files\Application</Filter>
    </ClInclude>
    <ClInclude Include="Application\VoxelData.h">
      <Filter>Header Files\Application</Filter>
    </ClInclude>
    <ClInclude Include="Render\ShaderInputFormats.h">
      <Filter>Header Files\Render</Filter>
    </ClInclude>
    <ClInclude Include="Render\Culling.h">
      <Filter>Header Files\Render</Filter>
    </ClInclude>
    <ClInclude Include="Render\RayCaster.h">
      <Filter>Header Files\Render</Filter>
    </ClInclude>
    <ClInclude Include="Render\RenderTarget.h">
      <Filter>Header Files</Filter>
    </ClInclude>
    <ClInclude Include="Render\BackBufferRender.h">
      <Filter>Header Files</Filter>
    </ClInclude>
    <ClInclude Include="include\FW1FontWrapper.h">
      <Filter>Header Files\3rd Party</Filter>
    </ClInclude>
    <ClInclude Include="Application\PerfTracker.h">
      <Filter>Header Files</Filter>
    </ClInclude>
    <ClInclude Include="RaycastEmulate.h">
      <Filter>Header Files</Filter>
    </ClInclude>
  </ItemGroup>
  <ItemGroup>
    <FxCompile Include="Assets\FinalOutputPS.hlsl">
      <Filter>Header Files\Render\Shaders</Filter>
    </FxCompile>
    <FxCompile Include="Assets\FinalOutputVS.hlsl">
      <Filter>Header Files\Render\Shaders</Filter>
    </FxCompile>
    <FxCompile Include="Assets\RCSinglePassVoxel.hlsl">
      <Filter>Header Files\Render\Shaders</Filter>
    </FxCompile>
    <FxCompile Include="Assets\Shaders\App.hlsl">
      <Filter>Header Files\Render\Shaders</Filter>
    </FxCompile>
    <FxCompile Include="Assets\Shaders\RasterNodeGS.hlsl">
      <Filter>Header Files\Render\Shaders</Filter>
    </FxCompile>
    <FxCompile Include="Assets\Shaders\RasterNodePS.hlsl">
      <Filter>Header Files\Render\Shaders</Filter>
    </FxCompile>
    <FxCompile Include="Assets\Shaders\RasterNodeVS.hlsl">
      <Filter>Header Files\Render\Shaders</Filter>
    </FxCompile>
    <FxCompile Include="Assets\Shaders\pixelDebug.hlsl">
      <Filter>Header Files\Render\Shaders</Filter>
    </FxCompile>
    <FxCompile Include="Assets\Shaders\vertexDebug.hlsl">
      <Filter>Header Files\Render\Shaders</Filter>
    </FxCompile>
  </ItemGroup>
</Project>